
Microsoft Visual Studio Solution File, Format Version 12.00
# Visual Studio Version 17
VisualStudioVersion = 17.9.34728.123
MinimumVisualStudioVersion = 10.0.40219.1
Project("{FAE04EC0-301F-11D3-BF4B-00C04F79EFBC}") = "Ejercicio_6_12", "Ejercicio_6_12\Ejercicio_6_12.csproj", "{467402B1-B778-4514-AC55-ECF219BAE735}"
EndProject
Global
	GlobalSection(SolutionConfigurationPlatforms) = preSolution
		Debug|Any CPU = Debug|Any CPU
		Release|Any CPU = Release|Any CPU
	EndGlobalSection
	GlobalSection(ProjectConfigurationPlatforms) = postSolution
		{467402B1-B778-4514-AC55-ECF219BAE735}.Debug|Any CPU.ActiveCfg = Debug|Any CPU
		{467402B1-B778-4514-AC55-ECF219BAE735}.Debug|Any CPU.Build.0 = Debug|Any CPU
		{467402B1-B778-4514-AC55-ECF219BAE735}.Release|Any CPU.ActiveCfg = Release|Any CPU
		{467402B1-B778-4514-AC55-ECF219BAE735}.Release|Any CPU.Build.0 = Release|Any CPU
	EndGlobalSection
	GlobalSection(SolutionProperties) = preSolution
		HideSolutionNode = FALSE
	EndGlobalSection
	GlobalSection(ExtensibilityGlobals) = postSolution
		SolutionGuid = {5F011D54-0B79-4801-A5E0-C7E89052BEFF}
	EndGlobalSection
EndGlobal
